{
  "name": "Project",
  "lockfileVersion": 3,
  "requires": true,
  "packages": {
    "": {
      "dependencies": {
        "apt": "^0.0.2"
      }
    },
    "node_modules/apt": {
      "version": "0.0.2",
      "resolved": "https://registry.npmjs.org/apt/-/apt-0.0.2.tgz",
      "integrity": "sha512-RJjx3uUu4RP5oREO0Dpoy6H4Gp7gQbuE1C9av4GUclXrPCpfYy+iUt8ac2aI+hWWH5Y8JlsW2P8AlnDOCCi+SA==",
      "license": "MIT",
      "dependencies": {
        "underscore": "latest"
      },
      "engines": {
        "node": ">=0.8"
      }
    },
    "node_modules/underscore": {
      "version": "1.13.7",
      "resolved": "https://registry.npmjs.org/underscore/-/underscore-1.13.7.tgz",
      "integrity": "sha512-GMXzWtsc57XAtguZgaQViUOzs0KTkk8ojr3/xAxXLITqf/3EMwxC0inyETfDFjH/Krbhuep0HNbbjI9i/q3F3g==",
      "license": "MIT"
    }
  }
}
